
Microsoft Visual Studio Solution File, Format Version 12.00
# Visual Studio Version 16
VisualStudioVersion = 16.0.30907.101
MinimumVisualStudioVersion = 10.0.40219.1
Project("{9A19103F-16F7-4668-BE54-9A1E7A4F7556}") = "DataAccess", "DataAccess\DataAccess.csproj", "{D776BAF3-4089-473B-86CF-39D0778B22EC}"
EndProject
Project("{9A19103F-16F7-4668-BE54-9A1E7A4F7556}") = "Business", "Business\Business.csproj", "{85BBE845-5607-436E-A632-996F93565EE8}"
EndProject
Project("{9A19103F-16F7-4668-BE54-9A1E7A4F7556}") = "ConsoleUI", "ConsoleUI\ConsoleUI.csproj", "{DF287163-6F9F-4A92-BB7E-2A7C2EEE2151}"
EndProject
Project("{9A19103F-16F7-4668-BE54-9A1E7A4F7556}") = "Entities", "Entities\Entities.csproj", "{B2E87169-D57B-4562-9EE2-CD716FDF02FB}"
EndProject
Project("{FAE04EC0-301F-11D3-BF4B-00C04F79EFBC}") = "Core", "Core\Core.csproj", "{61991C6A-78C2-4A09-8E23-BF1B7A12F9BB}"
EndProject
Global
	GlobalSection(SolutionConfigurationPlatforms) = preSolution
		Debug|Any CPU = Debug|Any CPU
		Release|Any CPU = Release|Any CPU
	EndGlobalSection
	GlobalSection(ProjectConfigurationPlatforms) = postSolution
		{D776BAF3-4089-473B-86CF-39D0778B22EC}.Debug|Any CPU.ActiveCfg = Debug|Any CPU
		{D776BAF3-4089-473B-86CF-39D0778B22EC}.Debug|Any CPU.Build.0 = Debug|Any CPU
		{D776BAF3-4089-473B-86CF-39D0778B22EC}.Release|Any CPU.ActiveCfg = Release|Any CPU
		{D776BAF3-4089-473B-86CF-39D0778B22EC}.Release|Any CPU.Build.0 = Release|Any CPU
		{85BBE845-5607-436E-A632-996F93565EE8}.Debug|Any CPU.ActiveCfg = Debug|Any CPU
		{85BBE845-5607-436E-A632-996F93565EE8}.Debug|Any CPU.Build.0 = Debug|Any CPU
		{85BBE845-5607-436E-A632-996F93565EE8}.Release|Any CPU.ActiveCfg = Release|Any CPU
		{85BBE845-5607-436E-A632-996F93565EE8}.Release|Any CPU.Build.0 = Release|Any CPU
		{DF287163-6F9F-4A92-BB7E-2A7C2EEE2151}.Debug|Any CPU.ActiveCfg = Debug|Any CPU
		{DF287163-6F9F-4A92-BB7E-2A7C2EEE2151}.Debug|Any CPU.Build.0 = Debug|Any CPU
		{DF287163-6F9F-4A92-BB7E-2A7C2EEE2151}.Release|Any CPU.ActiveCfg = Release|Any CPU
		{DF287163-6F9F-4A92-BB7E-2A7C2EEE2151}.Release|Any CPU.Build.0 = Release|Any CPU
		{B2E87169-D57B-4562-9EE2-CD716FDF02FB}.Debug|Any CPU.ActiveCfg = Debug|Any CPU
		{B2E87169-D57B-4562-9EE2-CD716FDF02FB}.Debug|Any CPU.Build.0 = Debug|Any CPU
		{B2E87169-D57B-4562-9EE2-CD716FDF02FB}.Release|Any CPU.ActiveCfg = Release|Any CPU
		{B2E87169-D57B-4562-9EE2-CD716FDF02FB}.Release|Any CPU.Build.0 = Release|Any CPU
		{61991C6A-78C2-4A09-8E23-BF1B7A12F9BB}.Debug|Any CPU.ActiveCfg = Debug|Any CPU
		{61991C6A-78C2-4A09-8E23-BF1B7A12F9BB}.Debug|Any CPU.Build.0 = Debug|Any CPU
		{61991C6A-78C2-4A09-8E23-BF1B7A12F9BB}.Release|Any CPU.ActiveCfg = Release|Any CPU
		{61991C6A-78C2-4A09-8E23-BF1B7A12F9BB}.Release|Any CPU.Build.0 = Release|Any CPU
	EndGlobalSection
	GlobalSection(SolutionProperties) = preSolution
		HideSolutionNode = FALSE
	EndGlobalSection
	GlobalSection(ExtensibilityGlobals) = postSolution
		SolutionGuid = {8DCBE525-E2B9-450D-AFA1-7F9C6054FB29}
	EndGlobalSection
EndGlobal
